# THIS IS AN AUTOGENERATED FILE. DO NOT EDIT THIS FILE DIRECTLY.
# yarn lockfile v1


"@types/lodash@^4.14.119":
  version "4.14.119"
  resolved "https://registry.yarnpkg.com/@types/lodash/-/lodash-4.14.119.tgz#be847e5f4bc3e35e46d041c394ead8b603ad8b39"

"@types/prop-types@*":
  version "15.5.8"
  resolved "https://registry.yarnpkg.com/@types/prop-types/-/prop-types-15.5.8.tgz#8ae4e0ea205fe95c3901a5a1df7f66495e3a56ce"

"@types/react@^16.7.18":
  version "16.7.18"
  resolved "https://registry.yarnpkg.com/@types/react/-/react-16.7.18.tgz#f4ce0d539a893dd61e36cd11ae3a5e54f5a48337"
  dependencies:
    "@types/prop-types" "*"
    csstype "^2.2.0"

"@uirouter/core@5.0.23":
  version "5.0.23"
  resolved "https://registry.yarnpkg.com/@uirouter/core/-/core-5.0.23.tgz#363b4bea635a1b48900dc7e65793a65a3b58a79e"
  integrity sha512-rwFOH++z/KY8y+h0IOpQ5uC8Nim6E0EBCQrIjhVCr+XKYXgpK+VdtuOLFdogvbJ3AAi5Z7ei00qdEr7Did5CAg==

"@uirouter/react@^0.8.7":
  version "0.8.9"
  resolved "https://registry.yarnpkg.com/@uirouter/react/-/react-0.8.9.tgz#15285739c64cab53bb73eeb6e8ceb0836ed2b43b"
  integrity sha512-nxyJI/f+QIhZDyTuWiSBLmUlXpfv+/W43VH3uxD1AxMpK6GE8ZAIhAMI6GKG+waljM5y165mN4aiuynnTOjBsg==
  dependencies:
    "@uirouter/core" "5.0.23"
    classnames "^2.2.5"
    prop-types "^15.6.1"

classnames@^2.2.5:
  version "2.2.6"
  resolved "https://registry.yarnpkg.com/classnames/-/classnames-2.2.6.tgz#43935bffdd291f326dad0a205309b38d00f650ce"
  integrity sha512-JR/iSQOSt+LQIWwrwEzJ9uk0xfN3mTVYMwt1Ir5mUcSN6pU+V4zQFFaJsclJbPuAUQH+yfWef6tm7l1quW3C8Q==

csstype@^2.2.0:
  version "2.6.0"
  resolved "https://registry.yarnpkg.com/csstype/-/csstype-2.6.0.tgz#6cf7b2fa7fc32aab3d746802c244d4eda71371a2"

"js-tokens@^3.0.0 || ^4.0.0":
  version "4.0.0"
  resolved "https://registry.yarnpkg.com/js-tokens/-/js-tokens-4.0.0.tgz#19203fb59991df98e3a287050d4647cdeaf32499"
  integrity sha512-RdJUflcE3cUzKiMqQgsCu06FPu9UdIJO0beYbPhHN4k6apgJtifcoCtT9bcxOpYBtpD2kCM6Sbzg4CausW/PKQ==

lodash@^4.x:
  version "4.17.13"
  resolved "https://registry.yarnpkg.com/lodash/-/lodash-4.17.13.tgz#0bdc3a6adc873d2f4e0c4bac285df91b64fc7b93"
  integrity sha512-vm3/XWXfWtRua0FkUyEHBZy8kCPjErNBT9fJx8Zvs+U6zjqPbTUOpkaoum3O5uiA8sm+yNMHXfYkTUHFoMxFNA==

loose-envify@^1.1.0, loose-envify@^1.4.0:
  version "1.4.0"
  resolved "https://registry.yarnpkg.com/loose-envify/-/loose-envify-1.4.0.tgz#71ee51fa7be4caec1a63839f7e682d8132d30caf"
  integrity sha512-lyuxPGr/Wfhrlem2CL/UcnUc1zcqKAImBDzukY7Y5F/yQiNdko6+fRLevlw1HgMySw7f611UIY408EtxRSoK3Q==
  dependencies:
    js-tokens "^3.0.0 || ^4.0.0"

object-assign@^4.1.1:
  version "4.1.1"
  resolved "https://registry.yarnpkg.com/object-assign/-/object-assign-4.1.1.tgz#2109adc7965887cfc05cbbd442cac8bfbb360863"
  integrity sha1-IQmtx5ZYh8/AXLvUQsrIv7s2CGM=

prop-types@^15.6.1, prop-types@^15.6.2:
  version "15.7.2"
  resolved "https://registry.yarnpkg.com/prop-types/-/prop-types-15.7.2.tgz#52c41e75b8c87e72b9d9360e0206b99dcbffa6c5"
  integrity sha512-8QQikdH7//R2vurIJSutZ1smHYTcLpRWEOlHnzcWHmBYrOGUysKwSsrC89BCiFj3CbrfJ/nXFdJepOVrY1GCHQ==
  dependencies:
    loose-envify "^1.4.0"
    object-assign "^4.1.1"
    react-is "^16.8.1"

react-is@^16.8.1:
  version "16.8.3"
  resolved "https://registry.yarnpkg.com/react-is/-/react-is-16.8.3.tgz#4ad8b029c2a718fc0cfc746c8d4e1b7221e5387d"
  integrity sha512-Y4rC1ZJmsxxkkPuMLwvKvlL1Zfpbcu+Bf4ZigkHup3v9EfdYhAlWAaVyA19olXq2o2mGn0w+dFKvk3pVVlYcIA==

react@^16.x:
  version "16.8.3"
  resolved "https://registry.yarnpkg.com/react/-/react-16.8.3.tgz#c6f988a2ce895375de216edcfaedd6b9a76451d9"
  integrity sha512-3UoSIsEq8yTJuSu0luO1QQWYbgGEILm+eJl2QN/VLDi7hL+EN18M3q3oVZwmVzzBJ3DkM7RMdRwBmZZ+b4IzSA==
  dependencies:
    loose-envify "^1.1.0"
    object-assign "^4.1.1"
    prop-types "^15.6.2"
    scheduler "^0.13.3"

scheduler@^0.13.3:
  version "0.13.3"
  resolved "https://registry.yarnpkg.com/scheduler/-/scheduler-0.13.3.tgz#bed3c5850f62ea9c716a4d781f9daeb9b2a58896"
  integrity sha512-UxN5QRYWtpR1egNWzJcVLk8jlegxAugswQc984lD3kU7NuobsO37/sRfbpTdBjtnD5TBNFA2Q2oLV5+UmPSmEQ==
  dependencies:
    loose-envify "^1.1.0"
    object-assign "^4.1.1"

typescript@^3.2.2:
  version "3.2.2"
  resolved "https://registry.yarnpkg.com/typescript/-/typescript-3.2.2.tgz#fe8101c46aa123f8353523ebdcf5730c2ae493e5"
